{
  "name": "youtube-completionist-backend",
  "version": "1.0.0",
  "lockfileVersion": 1,
  "requires": true,
  "dependencies": {
    "dotenv": {
      "version": "8.1.0",
      "resolved": "https://registry.npmjs.org/dotenv/-/dotenv-8.1.0.tgz",
      "integrity": "sha512-GUE3gqcDCaMltj2++g6bRQ5rBJWtkWTmqmD0fo1RnnMuUqHNCt2oTPeDnS9n6fKYvlhn7AeBkb38lymBtWBQdA=="
    },
    "mime": {
      "version": "1.2.2",
      "resolved": "https://registry.npmjs.org/mime/-/mime-1.2.2.tgz",
      "integrity": "sha1-udY1W/U+jX1WaTEw5FHa/zQBSM8="
    },
    "qs": {
      "version": "0.4.2",
      "resolved": "https://registry.npmjs.org/qs/-/qs-0.4.2.tgz",
      "integrity": "sha1-PKxMhh43GoycR3CsI82o3mObjl8="
    },
    "request": {
      "version": "2.1.1",
      "resolved": "https://registry.npmjs.org/request/-/request-2.1.1.tgz",
      "integrity": "sha1-VXDgxzfWVuvW0dPICqUQ08+Gxvo="
    },
    "sax": {
      "version": "1.2.4",
      "resolved": "https://registry.npmjs.org/sax/-/sax-1.2.4.tgz",
      "integrity": "sha512-NqVDv9TpANUjFm0N8uM5GxL36UgKi9/atZw+x7YFnQ8ckwFGKrl4xX4yWtrey3UJm5nP1kUbnYgLopqWNSRhWw=="
    },
    "tsc": {
      "version": "1.20150623.0",
      "resolved": "https://registry.npmjs.org/tsc/-/tsc-1.20150623.0.tgz",
      "integrity": "sha1-Trw8d04WkUjLx2inNCUz8ILHpuU="
    },
    "xml2js": {
      "version": "0.1.9",
      "resolved": "https://registry.npmjs.org/xml2js/-/xml2js-0.1.9.tgz",
      "integrity": "sha1-wm/Qgm4Bor5xEHSKNPD4OFvkWfE=",
      "requires": {
        "sax": ">=0.1.1"
      }
    },
    "youtube": {
      "version": "0.1.0",
      "resolved": "https://registry.npmjs.org/youtube/-/youtube-0.1.0.tgz",
      "integrity": "sha1-lrAetv9uhdpQX7KcyM9jt9KD2ZU=",
      "requires": {
        "mime": "1.2.2",
        "qs": "0.4.2",
        "request": "2.1.1",
        "xml2js": "0.1.9"
      }
    }
  }
}
